
Microsoft Visual Studio Solution File, Format Version 12.00
# Visual Studio Version 16
VisualStudioVersion = 16.0.30804.86
MinimumVisualStudioVersion = 10.0.40219.1
Project("{FAE04EC0-301F-11D3-BF4B-00C04F79EFBC}") = "Entities", "Entities\Entities.csproj", "{BCBD4947-E7BB-4277-BA39-38F061D237EE}"
EndProject
Project("{FAE04EC0-301F-11D3-BF4B-00C04F79EFBC}") = "DataAccess", "DataAccess\DataAccess.csproj", "{C6B88405-ABFC-491C-A458-13474DB2FEA3}"
EndProject
Project("{FAE04EC0-301F-11D3-BF4B-00C04F79EFBC}") = "Business", "Business\Business.csproj", "{1531A7DF-3652-4F6B-A9B4-C65018E597A2}"
EndProject
Project("{FAE04EC0-301F-11D3-BF4B-00C04F79EFBC}") = "Core", "Core\Core.csproj", "{49415CFF-2902-4089-97F6-672A5133D800}"
EndProject
Project("{FAE04EC0-301F-11D3-BF4B-00C04F79EFBC}") = "WebAPI", "WebAPI\WebAPI.csproj", "{54D07E6D-825B-4367-9BC5-7D3E8D265EE6}"
EndProject
Global
	GlobalSection(SolutionConfigurationPlatforms) = preSolution
		Debug|Any CPU = Debug|Any CPU
		Release|Any CPU = Release|Any CPU
	EndGlobalSection
	GlobalSection(ProjectConfigurationPlatforms) = postSolution
		{BCBD4947-E7BB-4277-BA39-38F061D237EE}.Debug|Any CPU.ActiveCfg = Debug|Any CPU
		{BCBD4947-E7BB-4277-BA39-38F061D237EE}.Debug|Any CPU.Build.0 = Debug|Any CPU
		{BCBD4947-E7BB-4277-BA39-38F061D237EE}.Release|Any CPU.ActiveCfg = Release|Any CPU
		{BCBD4947-E7BB-4277-BA39-38F061D237EE}.Release|Any CPU.Build.0 = Release|Any CPU
		{C6B88405-ABFC-491C-A458-13474DB2FEA3}.Debug|Any CPU.ActiveCfg = Debug|Any CPU
		{C6B88405-ABFC-491C-A458-13474DB2FEA3}.Debug|Any CPU.Build.0 = Debug|Any CPU
		{C6B88405-ABFC-491C-A458-13474DB2FEA3}.Release|Any CPU.ActiveCfg = Release|Any CPU
		{C6B88405-ABFC-491C-A458-13474DB2FEA3}.Release|Any CPU.Build.0 = Release|Any CPU
		{1531A7DF-3652-4F6B-A9B4-C65018E597A2}.Debug|Any CPU.ActiveCfg = Debug|Any CPU
		{1531A7DF-3652-4F6B-A9B4-C65018E597A2}.Debug|Any CPU.Build.0 = Debug|Any CPU
		{1531A7DF-3652-4F6B-A9B4-C65018E597A2}.Release|Any CPU.ActiveCfg = Release|Any CPU
		{1531A7DF-3652-4F6B-A9B4-C65018E597A2}.Release|Any CPU.Build.0 = Release|Any CPU
		{49415CFF-2902-4089-97F6-672A5133D800}.Debug|Any CPU.ActiveCfg = Debug|Any CPU
		{49415CFF-2902-4089-97F6-672A5133D800}.Debug|Any CPU.Build.0 = Debug|Any CPU
		{49415CFF-2902-4089-97F6-672A5133D800}.Release|Any CPU.ActiveCfg = Release|Any CPU
		{49415CFF-2902-4089-97F6-672A5133D800}.Release|Any CPU.Build.0 = Release|Any CPU
		{54D07E6D-825B-4367-9BC5-7D3E8D265EE6}.Debug|Any CPU.ActiveCfg = Debug|Any CPU
		{54D07E6D-825B-4367-9BC5-7D3E8D265EE6}.Debug|Any CPU.Build.0 = Debug|Any CPU
		{54D07E6D-825B-4367-9BC5-7D3E8D265EE6}.Release|Any CPU.ActiveCfg = Release|Any CPU
		{54D07E6D-825B-4367-9BC5-7D3E8D265EE6}.Release|Any CPU.Build.0 = Release|Any CPU
	EndGlobalSection
	GlobalSection(SolutionProperties) = preSolution
		HideSolutionNode = FALSE
	EndGlobalSection
	GlobalSection(ExtensibilityGlobals) = postSolution
		SolutionGuid = {6ADCBA57-F3CE-4893-A255-421179746A36}
	EndGlobalSection
EndGlobal
